// !$*UTF8*$!
{
	archiveVersion = 1;
	classes = {
	};
	objectVersion = 46;
	objects = {

/* Begin PBXBuildFile section */
		E5AF515A1697053A006020C5 /* CategoryListViewController.m in Sources */ = {isa = PBXBuildFile; fileRef = E5AF51591697053A006020C5 /* CategoryListViewController.m */; };
		E5AF515D169705F4006020C5 /* ItemListViewController.m in Sources */ = {isa = PBXBuildFile; fileRef = E5AF515C169705F4006020C5 /* ItemListViewController.m */; };
		E5AF51601697063B006020C5 /* DetailViewController.m in Sources */ = {isa = PBXBuildFile; fileRef = E5AF515F1697063B006020C5 /* DetailViewController.m */; };
		E5AF516316970684006020C5 /* SettingsViewController.m in Sources */ = {isa = PBXBuildFile; fileRef = E5AF516216970684006020C5 /* SettingsViewController.m */; };
		E5AF5166169706C4006020C5 /* NavigationBarColorsViewController.m in Sources */ = {isa = PBXBuildFile; fileRef = E5AF5165169706C4006020C5 /* NavigationBarColorsViewController.m */; };
		E5CAAFBF16780AE400ECBEC0 /* UIKit.framework in Frameworks */ = {isa = PBXBuildFile; fileRef = E5CAAFBE16780AE400ECBEC0 /* UIKit.framework */; };
		E5CAAFC116780AE400ECBEC0 /* Foundation.framework in Frameworks */ = {isa = PBXBuildFile; fileRef = E5CAAFC016780AE400ECBEC0 /* Foundation.framework */; };
		E5CAAFC316780AE400ECBEC0 /* CoreGraphics.framework in Frameworks */ = {isa = PBXBuildFile; fileRef = E5CAAFC216780AE400ECBEC0 /* CoreGraphics.framework */; };
		E5CAAFC916780AE400ECBEC0 /* InfoPlist.strings in Resources */ = {isa = PBXBuildFile; fileRef = E5CAAFC716780AE400ECBEC0 /* InfoPlist.strings */; };
		E5CAAFCB16780AE400ECBEC0 /* main.m in Sources */ = {isa = PBXBuildFile; fileRef = E5CAAFCA16780AE400ECBEC0 /* main.m */; };
		E5CAAFCF16780AE400ECBEC0 /* AppDelegate.m in Sources */ = {isa = PBXBuildFile; fileRef = E5CAAFCE16780AE400ECBEC0 /* AppDelegate.m */; };
		E5CAAFD116780AE400ECBEC0 /* Default.png in Resources */ = {isa = PBXBuildFile; fileRef = E5CAAFD016780AE400ECBEC0 /* Default.png */; };
		E5CAAFD316780AE400ECBEC0 /* Default@2x.png in Resources */ = {isa = PBXBuildFile; fileRef = E5CAAFD216780AE400ECBEC0 /* Default@2x.png */; };
		E5CAAFD516780AE400ECBEC0 /* Default-568h@2x.png in Resources */ = {isa = PBXBuildFile; fileRef = E5CAAFD416780AE400ECBEC0 /* Default-568h@2x.png */; };
		E5CAAFDF16780BB600ECBEC0 /* MainStoryboard_iPhone.storyboard in Resources */ = {isa = PBXBuildFile; fileRef = E5CAAFDE16780BB600ECBEC0 /* MainStoryboard_iPhone.storyboard */; };
		E5D86F12169C9AE50016AB95 /* CategoriesAndItems.plist in Resources */ = {isa = PBXBuildFile; fileRef = E5D86F11169C9AE50016AB95 /* CategoriesAndItems.plist */; };
		E5F1B59D169C62E300EC48F4 /* ContentSuperCell.m in Sources */ = {isa = PBXBuildFile; fileRef = E5F1B59C169C62E300EC48F4 /* ContentSuperCell.m */; };
		E5FB7E24169C54950089D133 /* CategoryCell.m in Sources */ = {isa = PBXBuildFile; fileRef = E5FB7E23169C54950089D133 /* CategoryCell.m */; };
		E5FB7E27169C56080089D133 /* ItemCell.m in Sources */ = {isa = PBXBuildFile; fileRef = E5FB7E26169C56080089D133 /* ItemCell.m */; };
/* End PBXBuildFile section */

/* Begin PBXFileReference section */
		E5AF51581697053A006020C5 /* CategoryListViewController.h */ = {isa = PBXFileReference; fileEncoding = 4; lastKnownFileType = sourcecode.c.h; path = CategoryListViewController.h; sourceTree = "<group>"; };
		E5AF51591697053A006020C5 /* CategoryListViewController.m */ = {isa = PBXFileReference; fileEncoding = 4; lastKnownFileType = sourcecode.c.objc; path = CategoryListViewController.m; sourceTree = "<group>"; };
		E5AF515B169705F4006020C5 /* ItemListViewController.h */ = {isa = PBXFileReference; fileEncoding = 4; lastKnownFileType = sourcecode.c.h; path = ItemListViewController.h; sourceTree = "<group>"; };
		E5AF515C169705F4006020C5 /* ItemListViewController.m */ = {isa = PBXFileReference; fileEncoding = 4; lastKnownFileType = sourcecode.c.objc; path = ItemListViewController.m; sourceTree = "<group>"; };
		E5AF515E1697063B006020C5 /* DetailViewController.h */ = {isa = PBXFileReference; fileEncoding = 4; lastKnownFileType = sourcecode.c.h; path = DetailViewController.h; sourceTree = "<group>"; };
		E5AF515F1697063B006020C5 /* DetailViewController.m */ = {isa = PBXFileReference; fileEncoding = 4; lastKnownFileType = sourcecode.c.objc; path = DetailViewController.m; sourceTree = "<group>"; };
		E5AF516116970684006020C5 /* SettingsViewController.h */ = {isa = PBXFileReference; fileEncoding = 4; lastKnownFileType = sourcecode.c.h; path = SettingsViewController.h; sourceTree = "<group>"; };
		E5AF516216970684006020C5 /* SettingsViewController.m */ = {isa = PBXFileReference; fileEncoding = 4; lastKnownFileType = sourcecode.c.objc; path = SettingsViewController.m; sourceTree = "<group>"; };
		E5AF5164169706C4006020C5 /* NavigationBarColorsViewController.h */ = {isa = PBXFileReference; fileEncoding = 4; lastKnownFileType = sourcecode.c.h; path = NavigationBarColorsViewController.h; sourceTree = "<group>"; };
		E5AF5165169706C4006020C5 /* NavigationBarColorsViewController.m */ = {isa = PBXFileReference; fileEncoding = 4; lastKnownFileType = sourcecode.c.objc; path = NavigationBarColorsViewController.m; sourceTree = "<group>"; };
		E5CAAFBA16780AE400ECBEC0 /* iDo.app */ = {isa = PBXFileReference; explicitFileType = wrapper.application; includeInIndex = 0; path = iDo.app; sourceTree = BUILT_PRODUCTS_DIR; };
		E5CAAFBE16780AE400ECBEC0 /* UIKit.framework */ = {isa = PBXFileReference; lastKnownFileType = wrapper.framework; name = UIKit.framework; path = System/Library/Frameworks/UIKit.framework; sourceTree = SDKROOT; };
		E5CAAFC016780AE400ECBEC0 /* Foundation.framework */ = {isa = PBXFileReference; lastKnownFileType = wrapper.framework; name = Foundation.framework; path = System/Library/Frameworks/Foundation.framework; sourceTree = SDKROOT; };
		E5CAAFC216780AE400ECBEC0 /* CoreGraphics.framework */ = {isa = PBXFileReference; lastKnownFileType = wrapper.framework; name = CoreGraphics.framework; path = System/Library/Frameworks/CoreGraphics.framework; sourceTree = SDKROOT; };
		E5CAAFC616780AE400ECBEC0 /* iDo-Info.plist */ = {isa = PBXFileReference; lastKnownFileType = text.plist.xml; path = "iDo-Info.plist"; sourceTree = "<group>"; };
		E5CAAFC816780AE400ECBEC0 /* en */ = {isa = PBXFileReference; lastKnownFileType = text.plist.strings; name = en; path = en.lproj/InfoPlist.strings; sourceTree = "<group>"; };
		E5CAAFCA16780AE400ECBEC0 /* main.m */ = {isa = PBXFileReference; lastKnownFileType = sourcecode.c.objc; path = main.m; sourceTree = "<group>"; };
		E5CAAFCC16780AE400ECBEC0 /* iDo-Prefix.pch */ = {isa = PBXFileReference; lastKnownFileType = sourcecode.c.h; path = "iDo-Prefix.pch"; sourceTree = "<group>"; };
		E5CAAFCD16780AE400ECBEC0 /* AppDelegate.h */ = {isa = PBXFileReference; lastKnownFileType = sourcecode.c.h; path = AppDelegate.h; sourceTree = "<group>"; };
		E5CAAFCE16780AE400ECBEC0 /* AppDelegate.m */ = {isa = PBXFileReference; lastKnownFileType = sourcecode.c.objc; path = AppDelegate.m; sourceTree = "<group>"; };
		E5CAAFD016780AE400ECBEC0 /* Default.png */ = {isa = PBXFileReference; lastKnownFileType = image.png; path = Default.png; sourceTree = "<group>"; };
		E5CAAFD216780AE400ECBEC0 /* Default@2x.png */ = {isa = PBXFileReference; lastKnownFileType = image.png; path = "Default@2x.png"; sourceTree = "<group>"; };
		E5CAAFD416780AE400ECBEC0 /* Default-568h@2x.png */ = {isa = PBXFileReference; lastKnownFileType = image.png; path = "Default-568h@2x.png"; sourceTree = "<group>"; };
		E5CAAFDE16780BB600ECBEC0 /* MainStoryboard_iPhone.storyboard */ = {isa = PBXFileReference; fileEncoding = 4; lastKnownFileType = file.storyboard; path = MainStoryboard_iPhone.storyboard; sourceTree = "<group>"; };
		E5D86F11169C9AE50016AB95 /* CategoriesAndItems.plist */ = {isa = PBXFileReference; fileEncoding = 4; lastKnownFileType = text.plist.xml; path = CategoriesAndItems.plist; sourceTree = "<group>"; };
		E5F1B59B169C62E300EC48F4 /* ContentSuperCell.h */ = {isa = PBXFileReference; fileEncoding = 4; lastKnownFileType = sourcecode.c.h; path = ContentSuperCell.h; sourceTree = "<group>"; };
		E5F1B59C169C62E300EC48F4 /* ContentSuperCell.m */ = {isa = PBXFileReference; fileEncoding = 4; lastKnownFileType = sourcecode.c.objc; path = ContentSuperCell.m; sourceTree = "<group>"; };
		E5FB7E22169C54950089D133 /* CategoryCell.h */ = {isa = PBXFileReference; fileEncoding = 4; lastKnownFileType = sourcecode.c.h; path = CategoryCell.h; sourceTree = "<group>"; };
		E5FB7E23169C54950089D133 /* CategoryCell.m */ = {isa = PBXFileReference; fileEncoding = 4; lastKnownFileType = sourcecode.c.objc; path = CategoryCell.m; sourceTree = "<group>"; };
		E5FB7E25169C56080089D133 /* ItemCell.h */ = {isa = PBXFileReference; fileEncoding = 4; lastKnownFileType = sourcecode.c.h; path = ItemCell.h; sourceTree = "<group>"; };
		E5FB7E26169C56080089D133 /* ItemCell.m */ = {isa = PBXFileReference; fileEncoding = 4; lastKnownFileType = sourcecode.c.objc; path = ItemCell.m; sourceTree = "<group>"; };
/* End PBXFileReference section */

/* Begin PBXFrameworksBuildPhase section */
		E5CAAFB716780AE400ECBEC0 /* Frameworks */ = {
			isa = PBXFrameworksBuildPhase;
			buildActionMask = 2147483647;
			files = (
				E5CAAFBF16780AE400ECBEC0 /* UIKit.framework in Frameworks */,
				E5CAAFC116780AE400ECBEC0 /* Foundation.framework in Frameworks */,
				E5CAAFC316780AE400ECBEC0 /* CoreGraphics.framework in Frameworks */,
			);
			runOnlyForDeploymentPostprocessing = 0;
		};
/* End PBXFrameworksBuildPhase section */

/* Begin PBXGroup section */
		E5AF5156169704F7006020C5 /* View Controllers */ = {
			isa = PBXGroup;
			children = (
				E5AF51581697053A006020C5 /* CategoryListViewController.h */,
				E5AF51591697053A006020C5 /* CategoryListViewController.m */,
				E5AF515E1697063B006020C5 /* DetailViewController.h */,
				E5AF515F1697063B006020C5 /* DetailViewController.m */,
				E5AF515B169705F4006020C5 /* ItemListViewController.h */,
				E5AF515C169705F4006020C5 /* ItemListViewController.m */,
				E5AF5164169706C4006020C5 /* NavigationBarColorsViewController.h */,
				E5AF5165169706C4006020C5 /* NavigationBarColorsViewController.m */,
				E5AF516116970684006020C5 /* SettingsViewController.h */,
				E5AF516216970684006020C5 /* SettingsViewController.m */,
			);
			name = "View Controllers";
			sourceTree = "<group>";
		};
		E5CAAFAF16780AE400ECBEC0 = {
			isa = PBXGroup;
			children = (
				E5CAAFC416780AE400ECBEC0 /* iDo */,
				E5CAAFBD16780AE400ECBEC0 /* Frameworks */,
				E5CAAFBB16780AE400ECBEC0 /* Products */,
			);
			sourceTree = "<group>";
		};
		E5CAAFBB16780AE400ECBEC0 /* Products */ = {
			isa = PBXGroup;
			children = (
				E5CAAFBA16780AE400ECBEC0 /* iDo.app */,
			);
			name = Products;
			sourceTree = "<group>";
		};
		E5CAAFBD16780AE400ECBEC0 /* Frameworks */ = {
			isa = PBXGroup;
			children = (
				E5CAAFBE16780AE400ECBEC0 /* UIKit.framework */,
				E5CAAFC016780AE400ECBEC0 /* Foundation.framework */,
				E5CAAFC216780AE400ECBEC0 /* CoreGraphics.framework */,
			);
			name = Frameworks;
			sourceTree = "<group>";
		};
		E5CAAFC416780AE400ECBEC0 /* iDo */ = {
			isa = PBXGroup;
			children = (
				E5CAAFCD16780AE400ECBEC0 /* AppDelegate.h */,
				E5CAAFCE16780AE400ECBEC0 /* AppDelegate.m */,
				E5FB7E20169C54660089D133 /* Classes */,
				E5AF5156169704F7006020C5 /* View Controllers */,
				E5CAAFDB16780B3800ECBEC0 /* Resources */,
				E5CAAFC516780AE400ECBEC0 /* Supporting Files */,
			);
			path = iDo;
			sourceTree = "<group>";
		};
		E5CAAFC516780AE400ECBEC0 /* Supporting Files */ = {
			isa = PBXGroup;
			children = (
				E5CAAFC616780AE400ECBEC0 /* iDo-Info.plist */,
				E5CAAFCC16780AE400ECBEC0 /* iDo-Prefix.pch */,
				E5CAAFC716780AE400ECBEC0 /* InfoPlist.strings */,
				E5CAAFCA16780AE400ECBEC0 /* main.m */,
			);
			name = "Supporting Files";
			sourceTree = "<group>";
		};
		E5CAAFDB16780B3800ECBEC0 /* Resources */ = {
			isa = PBXGroup;
			children = (
				E5D86F11169C9AE50016AB95 /* CategoriesAndItems.plist */,
				E5CAAFE016780BC600ECBEC0 /* Storyboards */,
				E5CAAFDD16780B8000ECBEC0 /* Images */,
			);
			name = Resources;
			sourceTree = "<group>";
		};
		E5CAAFDC16780B6900ECBEC0 /* App Images */ = {
			isa = PBXGroup;
			children = (
				E5CAAFD016780AE400ECBEC0 /* Default.png */,
				E5CAAFD216780AE400ECBEC0 /* Default@2x.png */,
				E5CAAFD416780AE400ECBEC0 /* Default-568h@2x.png */,
			);
			name = "App Images";
			sourceTree = "<group>";
		};
		E5CAAFDD16780B8000ECBEC0 /* Images */ = {
			isa = PBXGroup;
			children = (
				E5CAAFDC16780B6900ECBEC0 /* App Images */,
			);
			name = Images;
			sourceTree = "<group>";
		};
		E5CAAFE016780BC600ECBEC0 /* Storyboards */ = {
			isa = PBXGroup;
			children = (
				E5CAAFDE16780BB600ECBEC0 /* MainStoryboard_iPhone.storyboard */,
			);
			name = Storyboards;
			sourceTree = "<group>";
		};
		E5FB7E20169C54660089D133 /* Classes */ = {
			isa = PBXGroup;
			children = (
				E5FB7E22169C54950089D133 /* CategoryCell.h */,
				E5FB7E23169C54950089D133 /* CategoryCell.m */,
				E5F1B59B169C62E300EC48F4 /* ContentSuperCell.h */,
				E5F1B59C169C62E300EC48F4 /* ContentSuperCell.m */,
				E5FB7E25169C56080089D133 /* ItemCell.h */,
				E5FB7E26169C56080089D133 /* ItemCell.m */,
			);
			name = Classes;
			sourceTree = "<group>";
		};
/* End PBXGroup section */

/* Begin PBXNativeTarget section */
		E5CAAFB916780AE400ECBEC0 /* iDo */ = {
			isa = PBXNativeTarget;
			buildConfigurationList = E5CAAFD816780AE400ECBEC0 /* Build configuration list for PBXNativeTarget "iDo" */;
			buildPhases = (
				E5CAAFB616780AE400ECBEC0 /* Sources */,
				E5CAAFB716780AE400ECBEC0 /* Frameworks */,
				E5CAAFB816780AE400ECBEC0 /* Resources */,
			);
			buildRules = (
			);
			dependencies = (
			);
			name = iDo;
			productName = iDo;
			productReference = E5CAAFBA16780AE400ECBEC0 /* iDo.app */;
			productType = "com.apple.product-type.application";
		};
/* End PBXNativeTarget section */

/* Begin PBXProject section */
		E5CAAFB116780AE400ECBEC0 /* Project object */ = {
			isa = PBXProject;
			attributes = {
				LastUpgradeCheck = 0450;
				ORGANIZATIONNAME = "Felipe Laso Marsetti";
			};
			buildConfigurationList = E5CAAFB416780AE400ECBEC0 /* Build configuration list for PBXProject "iDo" */;
			compatibilityVersion = "Xcode 3.2";
			developmentRegion = English;
			hasScannedForEncodings = 0;
			knownRegions = (
				en,
			);
			mainGroup = E5CAAFAF16780AE400ECBEC0;
			productRefGroup = E5CAAFBB16780AE400ECBEC0 /* Products */;
			projectDirPath = "";
			projectRoot = "";
			targets = (
				E5CAAFB916780AE400ECBEC0 /* iDo */,
			);
		};
/* End PBXProject section */

/* Begin PBXResourcesBuildPhase section */
		E5CAAFB816780AE400ECBEC0 /* Resources */ = {
			isa = PBXResourcesBuildPhase;
			buildActionMask = 2147483647;
			files = (
				E5CAAFC916780AE400ECBEC0 /* InfoPlist.strings in Resources */,
				E5CAAFD116780AE400ECBEC0 /* Default.png in Resources */,
				E5CAAFD316780AE400ECBEC0 /* Default@2x.png in Resources */,
				E5CAAFD516780AE400ECBEC0 /* Default-568h@2x.png in Resources */,
				E5CAAFDF16780BB600ECBEC0 /* MainStoryboard_iPhone.storyboard in Resources */,
				E5D86F12169C9AE50016AB95 /* CategoriesAndItems.plist in Resources */,
			);
			runOnlyForDeploymentPostprocessing = 0;
		};
/* End PBXResourcesBuildPhase section */

/* Begin PBXSourcesBuildPhase section */
		E5CAAFB616780AE400ECBEC0 /* Sources */ = {
			isa = PBXSourcesBuildPhase;
			buildActionMask = 2147483647;
			files = (
				E5CAAFCB16780AE400ECBEC0 /* main.m in Sources */,
				E5CAAFCF16780AE400ECBEC0 /* AppDelegate.m in Sources */,
				E5AF515A1697053A006020C5 /* CategoryListViewController.m in Sources */,
				E5AF515D169705F4006020C5 /* ItemListViewController.m in Sources */,
				E5AF51601697063B006020C5 /* DetailViewController.m in Sources */,
				E5AF516316970684006020C5 /* SettingsViewController.m in Sources */,
				E5AF5166169706C4006020C5 /* NavigationBarColorsViewController.m in Sources */,
				E5FB7E24169C54950089D133 /* CategoryCell.m in Sources */,
				E5FB7E27169C56080089D133 /* ItemCell.m in Sources */,
				E5F1B59D169C62E300EC48F4 /* ContentSuperCell.m in Sources */,
			);
			runOnlyForDeploymentPostprocessing = 0;
		};
/* End PBXSourcesBuildPhase section */

/* Begin PBXVariantGroup section */
		E5CAAFC716780AE400ECBEC0 /* InfoPlist.strings */ = {
			isa = PBXVariantGroup;
			children = (
				E5CAAFC816780AE400ECBEC0 /* en */,
			);
			name = InfoPlist.strings;
			sourceTree = "<group>";
		};
/* End PBXVariantGroup section */

/* Begin XCBuildConfiguration section */
		E5CAAFD616780AE400ECBEC0 /* Debug */ = {
			isa = XCBuildConfiguration;
			buildSettings = {
				ALWAYS_SEARCH_USER_PATHS = NO;
				CLANG_CXX_LANGUAGE_STANDARD = "gnu++0x";
				CLANG_CXX_LIBRARY = "libc++";
				CLANG_ENABLE_OBJC_ARC = YES;
				CLANG_WARN_EMPTY_BODY = YES;
				CLANG_WARN__DUPLICATE_METHOD_MATCH = YES;
				"CODE_SIGN_IDENTITY[sdk=iphoneos*]" = "iPhone Developer";
				COPY_PHASE_STRIP = NO;
				GCC_C_LANGUAGE_STANDARD = gnu99;
				GCC_DYNAMIC_NO_PIC = NO;
				GCC_OPTIMIZATION_LEVEL = 0;
				GCC_PREPROCESSOR_DEFINITIONS = (
					"DEBUG=1",
					"$(inherited)",
				);
				GCC_SYMBOLS_PRIVATE_EXTERN = NO;
				GCC_WARN_ABOUT_RETURN_TYPE = YES;
				GCC_WARN_UNINITIALIZED_AUTOS = YES;
				GCC_WARN_UNUSED_VARIABLE = YES;
				IPHONEOS_DEPLOYMENT_TARGET = 6.0;
				ONLY_ACTIVE_ARCH = YES;
				SDKROOT = iphoneos;
			};
			name = Debug;
		};
		E5CAAFD716780AE400ECBEC0 /* Release */ = {
			isa = XCBuildConfiguration;
			buildSettings = {
				ALWAYS_SEARCH_USER_PATHS = NO;
				CLANG_CXX_LANGUAGE_STANDARD = "gnu++0x";
				CLANG_CXX_LIBRARY = "libc++";
				CLANG_ENABLE_OBJC_ARC = YES;
				CLANG_WARN_EMPTY_BODY = YES;
				CLANG_WARN__DUPLICATE_METHOD_MATCH = YES;
				"CODE_SIGN_IDENTITY[sdk=iphoneos*]" = "iPhone Developer";
				COPY_PHASE_STRIP = YES;
				GCC_C_LANGUAGE_STANDARD = gnu99;
				GCC_WARN_ABOUT_RETURN_TYPE = YES;
				GCC_WARN_UNINITIALIZED_AUTOS = YES;
				GCC_WARN_UNUSED_VARIABLE = YES;
				IPHONEOS_DEPLOYMENT_TARGET = 6.0;
				OTHER_CFLAGS = "-DNS_BLOCK_ASSERTIONS=1";
				SDKROOT = iphoneos;
				VALIDATE_PRODUCT = YES;
			};
			name = Release;
		};
		E5CAAFD916780AE400ECBEC0 /* Debug */ = {
			isa = XCBuildConfiguration;
			buildSettings = {
				GCC_PRECOMPILE_PREFIX_HEADER = YES;
				GCC_PREFIX_HEADER = "iDo/iDo-Prefix.pch";
				INFOPLIST_FILE = "iDo/iDo-Info.plist";
				PRODUCT_NAME = "$(TARGET_NAME)";
				WRAPPER_EXTENSION = app;
			};
			name = Debug;
		};
		E5CAAFDA16780AE400ECBEC0 /* Release */ = {
			isa = XCBuildConfiguration;
			buildSettings = {
				GCC_PRECOMPILE_PREFIX_HEADER = YES;
				GCC_PREFIX_HEADER = "iDo/iDo-Prefix.pch";
				INFOPLIST_FILE = "iDo/iDo-Info.plist";
				PRODUCT_NAME = "$(TARGET_NAME)";
				WRAPPER_EXTENSION = app;
			};
			name = Release;
		};
/* End XCBuildConfiguration section */

/* Begin XCConfigurationList section */
		E5CAAFB416780AE400ECBEC0 /* Build configuration list for PBXProject "iDo" */ = {
			isa = XCConfigurationList;
			buildConfigurations = (
				E5CAAFD616780AE400ECBEC0 /* Debug */,
				E5CAAFD716780AE400ECBEC0 /* Release */,
			);
			defaultConfigurationIsVisible = 0;
			defaultConfigurationName = Release;
		};
		E5CAAFD816780AE400ECBEC0 /* Build configuration list for PBXNativeTarget "iDo" */ = {
			isa = XCConfigurationList;
			buildConfigurations = (
				E5CAAFD916780AE400ECBEC0 /* Debug */,
				E5CAAFDA16780AE400ECBEC0 /* Release */,
			);
			defaultConfigurationIsVisible = 0;
			defaultConfigurationName = Release;
		};
/* End XCConfigurationList section */
	};
	rootObject = E5CAAFB116780AE400ECBEC0 /* Project object */;
}
